# This file is automatically @generated by Cargo.
# It is not intended for manual editing.
version = 3

[[package]]
name = "atomic_float"
version = "1.1.0"
source = "registry+https://github.com/rust-lang/crates.io-index"
checksum = "628d228f918ac3b82fe590352cc719d30664a0c13ca3a60266fe02c7132d480a"

[[package]]
name = "clap-sys"
version = "0.4.0"
source = "registry+https://github.com/rust-lang/crates.io-index"
checksum = "61b04354981cd059bf376007c9361ded38b15de87972e634670799685b042197"

[[package]]
name = "oscillator"
version = "0.1.0"
dependencies = [
 "pure-audio",
]

[[package]]
name = "oscillator-clap"
version = "0.1.0"
dependencies = [
 "oscillator",
 "pure-audio-clap",
]

[[package]]
name = "pure-audio"
version = "0.1.0"

[[package]]
name = "pure-audio-clap"
version = "0.1.0"
dependencies = [
 "atomic_float",
 "clap-sys",
 "pure-audio",
]
